
Microsoft Visual Studio Solution File, Format Version 12.00
# Visual Studio Version 17
VisualStudioVersion = 17.9.34616.47
MinimumVisualStudioVersion = 10.0.40219.1
Project("{FAE04EC0-301F-11D3-BF4B-00C04F79EFBC}") = "SistemskoProgramiranje1domaci", "SistemskoProgramiranje1domaci\SistemskoProgramiranje1domaci.csproj", "{3C36267A-CFD7-4630-8DA7-671681F1A067}"
EndProject
Global
	GlobalSection(SolutionConfigurationPlatforms) = preSolution
		Debug|Any CPU = Debug|Any CPU
		Release|Any CPU = Release|Any CPU
	EndGlobalSection
	GlobalSection(ProjectConfigurationPlatforms) = postSolution
		{3C36267A-CFD7-4630-8DA7-671681F1A067}.Debug|Any CPU.ActiveCfg = Debug|Any CPU
		{3C36267A-CFD7-4630-8DA7-671681F1A067}.Debug|Any CPU.Build.0 = Debug|Any CPU
		{3C36267A-CFD7-4630-8DA7-671681F1A067}.Release|Any CPU.ActiveCfg = Release|Any CPU
		{3C36267A-CFD7-4630-8DA7-671681F1A067}.Release|Any CPU.Build.0 = Release|Any CPU
	EndGlobalSection
	GlobalSection(SolutionProperties) = preSolution
		HideSolutionNode = FALSE
	EndGlobalSection
	GlobalSection(ExtensibilityGlobals) = postSolution
		SolutionGuid = {34E6F1FE-29AF-410E-981E-7B306A538109}
	EndGlobalSection
EndGlobal
